
Microsoft Visual Studio Solution File, Format Version 12.00
# Visual Studio 15
VisualStudioVersion = 15.0.28307.421
MinimumVisualStudioVersion = 10.0.40219.1
Project("{FAE04EC0-301F-11D3-BF4B-00C04F79EFBC}") = "Web_projekat", "Web_projekat\Web_projekat.csproj", "{DFD68FEA-1C9A-49FD-A401-826BEFB4BAE3}"
EndProject
Global
	GlobalSection(SolutionConfigurationPlatforms) = preSolution
		Debug|Any CPU = Debug|Any CPU
		Release|Any CPU = Release|Any CPU
	EndGlobalSection
	GlobalSection(ProjectConfigurationPlatforms) = postSolution
		{DFD68FEA-1C9A-49FD-A401-826BEFB4BAE3}.Debug|Any CPU.ActiveCfg = Debug|Any CPU
		{DFD68FEA-1C9A-49FD-A401-826BEFB4BAE3}.Debug|Any CPU.Build.0 = Debug|Any CPU
		{DFD68FEA-1C9A-49FD-A401-826BEFB4BAE3}.Release|Any CPU.ActiveCfg = Release|Any CPU
		{DFD68FEA-1C9A-49FD-A401-826BEFB4BAE3}.Release|Any CPU.Build.0 = Release|Any CPU
	EndGlobalSection
	GlobalSection(SolutionProperties) = preSolution
		HideSolutionNode = FALSE
	EndGlobalSection
	GlobalSection(ExtensibilityGlobals) = postSolution
		SolutionGuid = {A4369FB7-AA27-4E56-9FD9-6410A27A500B}
	EndGlobalSection
EndGlobal
